
Microsoft Visual Studio Solution File, Format Version 12.00
# Visual Studio Version 17
VisualStudioVersion = 17.8.34309.116
MinimumVisualStudioVersion = 10.0.40219.1
Project("{F184B08F-C81C-45F6-A57F-5ABD9991F28F}") = "travel_agency_homework", "travel_agency_homework.vbproj", "{33C5462C-9DEC-45A0-A249-513D00EE7163}"
EndProject
Global
	GlobalSection(SolutionConfigurationPlatforms) = preSolution
		Debug|Any CPU = Debug|Any CPU
		Release|Any CPU = Release|Any CPU
	EndGlobalSection
	GlobalSection(ProjectConfigurationPlatforms) = postSolution
		{33C5462C-9DEC-45A0-A249-513D00EE7163}.Debug|Any CPU.ActiveCfg = Debug|Any CPU
		{33C5462C-9DEC-45A0-A249-513D00EE7163}.Debug|Any CPU.Build.0 = Debug|Any CPU
		{33C5462C-9DEC-45A0-A249-513D00EE7163}.Release|Any CPU.ActiveCfg = Release|Any CPU
		{33C5462C-9DEC-45A0-A249-513D00EE7163}.Release|Any CPU.Build.0 = Release|Any CPU
	EndGlobalSection
	GlobalSection(SolutionProperties) = preSolution
		HideSolutionNode = FALSE
	EndGlobalSection
	GlobalSection(ExtensibilityGlobals) = postSolution
		SolutionGuid = {C20971CD-820E-4486-8F4B-4274E88D9D78}
	EndGlobalSection
EndGlobal
